// !$*UTF8*$!
{
	archiveVersion = 1;
	classes = {
	};
	objectVersion = 56;
	objects = {

/* Begin PBXBuildFile section */
		67792BC72BF7DBE200F073C8 /* AppDelegate.swift in Sources */ = {isa = PBXBuildFile; fileRef = 67792BC62BF7DBE200F073C8 /* AppDelegate.swift */; };
		67792BC92BF7DBE200F073C8 /* SceneDelegate.swift in Sources */ = {isa = PBXBuildFile; fileRef = 67792BC82BF7DBE200F073C8 /* SceneDelegate.swift */; };
		67792BCB2BF7DBE200F073C8 /* HomeViewController.swift in Sources */ = {isa = PBXBuildFile; fileRef = 67792BCA2BF7DBE200F073C8 /* HomeViewController.swift */; };
		67792BD02BF7DBE300F073C8 /* Assets.xcassets in Resources */ = {isa = PBXBuildFile; fileRef = 67792BCF2BF7DBE300F073C8 /* Assets.xcassets */; };
		67792BD32BF7DBE300F073C8 /* Base in Resources */ = {isa = PBXBuildFile; fileRef = 67792BD22BF7DBE300F073C8 /* Base */; };
		67792BE12BF7E2B300F073C8 /* HomeCollectionViewController.swift in Sources */ = {isa = PBXBuildFile; fileRef = 67792BE02BF7E2B300F073C8 /* HomeCollectionViewController.swift */; };
		67792BE32BF7F43400F073C8 /* GameCollectionViewCell.swift in Sources */ = {isa = PBXBuildFile; fileRef = 67792BE22BF7F43400F073C8 /* GameCollectionViewCell.swift */; };
		67792BE72BF7F6BC00F073C8 /* Game.swift in Sources */ = {isa = PBXBuildFile; fileRef = 67792BE62BF7F6BC00F073C8 /* Game.swift */; };
		67792BE92BF8007500F073C8 /* InformationViewController.swift in Sources */ = {isa = PBXBuildFile; fileRef = 67792BE82BF8007500F073C8 /* InformationViewController.swift */; };
		67792BED2BF84A4B00F073C8 /* EntrepRUNEurGameViewController.swift in Sources */ = {isa = PBXBuildFile; fileRef = 67792BEC2BF84A4B00F073C8 /* EntrepRUNEurGameViewController.swift */; };
		67792BF02BF84B4700F073C8 /* ClockView.swift in Sources */ = {isa = PBXBuildFile; fileRef = 67792BEF2BF84B4700F073C8 /* ClockView.swift */; };
		67792BF32BF85EE000F073C8 /* OSRSPricesClient.swift in Sources */ = {isa = PBXBuildFile; fileRef = 67792BF22BF85EE000F073C8 /* OSRSPricesClient.swift */; };
		67792BF52BF867B100F073C8 /* LatestPrice.swift in Sources */ = {isa = PBXBuildFile; fileRef = 67792BF42BF867B100F073C8 /* LatestPrice.swift */; };
		67792BF72BF8696B00F073C8 /* PriceMapping.swift in Sources */ = {isa = PBXBuildFile; fileRef = 67792BF62BF8696A00F073C8 /* PriceMapping.swift */; };
		67792BF92BF8720100F073C8 /* EntrepRUNEurQuestion.swift in Sources */ = {isa = PBXBuildFile; fileRef = 67792BF82BF8720100F073C8 /* EntrepRUNEurQuestion.swift */; };
		67792BFB2BF88DC100F073C8 /* EntrepRUNEurQuestionCardView.swift in Sources */ = {isa = PBXBuildFile; fileRef = 67792BFA2BF88DC100F073C8 /* EntrepRUNEurQuestionCardView.swift */; };
/* End PBXBuildFile section */

/* Begin PBXFileReference section */
		67792BC32BF7DBE200F073C8 /* RuneTrivia.app */ = {isa = PBXFileReference; explicitFileType = wrapper.application; includeInIndex = 0; path = RuneTrivia.app; sourceTree = BUILT_PRODUCTS_DIR; };
		67792BC62BF7DBE200F073C8 /* AppDelegate.swift */ = {isa = PBXFileReference; lastKnownFileType = sourcecode.swift; path = AppDelegate.swift; sourceTree = "<group>"; };
		67792BC82BF7DBE200F073C8 /* SceneDelegate.swift */ = {isa = PBXFileReference; lastKnownFileType = sourcecode.swift; path = SceneDelegate.swift; sourceTree = "<group>"; };
		67792BCA2BF7DBE200F073C8 /* HomeViewController.swift */ = {isa = PBXFileReference; lastKnownFileType = sourcecode.swift; path = HomeViewController.swift; sourceTree = "<group>"; };
		67792BCF2BF7DBE300F073C8 /* Assets.xcassets */ = {isa = PBXFileReference; lastKnownFileType = folder.assetcatalog; path = Assets.xcassets; sourceTree = "<group>"; };
		67792BD22BF7DBE300F073C8 /* Base */ = {isa = PBXFileReference; lastKnownFileType = file.storyboard; name = Base; path = Base.lproj/LaunchScreen.storyboard; sourceTree = "<group>"; };
		67792BD42BF7DBE300F073C8 /* Info.plist */ = {isa = PBXFileReference; lastKnownFileType = text.plist.xml; path = Info.plist; sourceTree = "<group>"; };
		67792BE02BF7E2B300F073C8 /* HomeCollectionViewController.swift */ = {isa = PBXFileReference; lastKnownFileType = sourcecode.swift; path = HomeCollectionViewController.swift; sourceTree = "<group>"; };
		67792BE22BF7F43400F073C8 /* GameCollectionViewCell.swift */ = {isa = PBXFileReference; lastKnownFileType = sourcecode.swift; path = GameCollectionViewCell.swift; sourceTree = "<group>"; };
		67792BE62BF7F6BC00F073C8 /* Game.swift */ = {isa = PBXFileReference; lastKnownFileType = sourcecode.swift; path = Game.swift; sourceTree = "<group>"; };
		67792BE82BF8007500F073C8 /* InformationViewController.swift */ = {isa = PBXFileReference; lastKnownFileType = sourcecode.swift; path = InformationViewController.swift; sourceTree = "<group>"; };
		67792BEC2BF84A4B00F073C8 /* EntrepRUNEurGameViewController.swift */ = {isa = PBXFileReference; lastKnownFileType = sourcecode.swift; path = EntrepRUNEurGameViewController.swift; sourceTree = "<group>"; };
		67792BEF2BF84B4700F073C8 /* ClockView.swift */ = {isa = PBXFileReference; lastKnownFileType = sourcecode.swift; path = ClockView.swift; sourceTree = "<group>"; };
		67792BF22BF85EE000F073C8 /* OSRSPricesClient.swift */ = {isa = PBXFileReference; lastKnownFileType = sourcecode.swift; path = OSRSPricesClient.swift; sourceTree = "<group>"; };
		67792BF42BF867B100F073C8 /* LatestPrice.swift */ = {isa = PBXFileReference; lastKnownFileType = sourcecode.swift; path = LatestPrice.swift; sourceTree = "<group>"; };
		67792BF62BF8696A00F073C8 /* PriceMapping.swift */ = {isa = PBXFileReference; lastKnownFileType = sourcecode.swift; path = PriceMapping.swift; sourceTree = "<group>"; };
		67792BF82BF8720100F073C8 /* EntrepRUNEurQuestion.swift */ = {isa = PBXFileReference; lastKnownFileType = sourcecode.swift; path = EntrepRUNEurQuestion.swift; sourceTree = "<group>"; };
		67792BFA2BF88DC100F073C8 /* EntrepRUNEurQuestionCardView.swift */ = {isa = PBXFileReference; lastKnownFileType = sourcecode.swift; path = EntrepRUNEurQuestionCardView.swift; sourceTree = "<group>"; };
/* End PBXFileReference section */

/* Begin PBXFrameworksBuildPhase section */
		67792BC02BF7DBE200F073C8 /* Frameworks */ = {
			isa = PBXFrameworksBuildPhase;
			buildActionMask = 2147483647;
			files = (
			);
			runOnlyForDeploymentPostprocessing = 0;
		};
/* End PBXFrameworksBuildPhase section */

/* Begin PBXGroup section */
		67792BBA2BF7DBE100F073C8 = {
			isa = PBXGroup;
			children = (
				67792BC52BF7DBE200F073C8 /* RuneTrivia */,
				67792BC42BF7DBE200F073C8 /* Products */,
			);
			sourceTree = "<group>";
		};
		67792BC42BF7DBE200F073C8 /* Products */ = {
			isa = PBXGroup;
			children = (
				67792BC32BF7DBE200F073C8 /* RuneTrivia.app */,
			);
			name = Products;
			sourceTree = "<group>";
		};
		67792BC52BF7DBE200F073C8 /* RuneTrivia */ = {
			isa = PBXGroup;
			children = (
				67792BF12BF85ECD00F073C8 /* Utility */,
				67792BEE2BF84AFE00F073C8 /* View Components */,
				67792BE42BF7F6A800F073C8 /* Models */,
				67792BC62BF7DBE200F073C8 /* AppDelegate.swift */,
				67792BC82BF7DBE200F073C8 /* SceneDelegate.swift */,
				67792BCA2BF7DBE200F073C8 /* HomeViewController.swift */,
				67792BCF2BF7DBE300F073C8 /* Assets.xcassets */,
				67792BD12BF7DBE300F073C8 /* LaunchScreen.storyboard */,
				67792BD42BF7DBE300F073C8 /* Info.plist */,
				67792BE02BF7E2B300F073C8 /* HomeCollectionViewController.swift */,
				67792BE22BF7F43400F073C8 /* GameCollectionViewCell.swift */,
				67792BE82BF8007500F073C8 /* InformationViewController.swift */,
				67792BEC2BF84A4B00F073C8 /* EntrepRUNEurGameViewController.swift */,
				67792BFA2BF88DC100F073C8 /* EntrepRUNEurQuestionCardView.swift */,
			);
			path = RuneTrivia;
			sourceTree = "<group>";
		};
		67792BE42BF7F6A800F073C8 /* Models */ = {
			isa = PBXGroup;
			children = (
				67792BE62BF7F6BC00F073C8 /* Game.swift */,
				67792BF42BF867B100F073C8 /* LatestPrice.swift */,
				67792BF62BF8696A00F073C8 /* PriceMapping.swift */,
				67792BF82BF8720100F073C8 /* EntrepRUNEurQuestion.swift */,
			);
			path = Models;
			sourceTree = "<group>";
		};
		67792BEE2BF84AFE00F073C8 /* View Components */ = {
			isa = PBXGroup;
			children = (
				67792BEF2BF84B4700F073C8 /* ClockView.swift */,
			);
			path = "View Components";
			sourceTree = "<group>";
		};
		67792BF12BF85ECD00F073C8 /* Utility */ = {
			isa = PBXGroup;
			children = (
				67792BF22BF85EE000F073C8 /* OSRSPricesClient.swift */,
			);
			path = Utility;
			sourceTree = "<group>";
		};
/* End PBXGroup section */

/* Begin PBXNativeTarget section */
		67792BC22BF7DBE200F073C8 /* RuneTrivia */ = {
			isa = PBXNativeTarget;
			buildConfigurationList = 67792BD72BF7DBE300F073C8 /* Build configuration list for PBXNativeTarget "RuneTrivia" */;
			buildPhases = (
				67792BBF2BF7DBE200F073C8 /* Sources */,
				67792BC02BF7DBE200F073C8 /* Frameworks */,
				67792BC12BF7DBE200F073C8 /* Resources */,
			);
			buildRules = (
			);
			dependencies = (
			);
			name = RuneTrivia;
			productName = RuneTrivia;
			productReference = 67792BC32BF7DBE200F073C8 /* RuneTrivia.app */;
			productType = "com.apple.product-type.application";
		};
/* End PBXNativeTarget section */

/* Begin PBXProject section */
		67792BBB2BF7DBE200F073C8 /* Project object */ = {
			isa = PBXProject;
			attributes = {
				BuildIndependentTargetsInParallel = 1;
				LastSwiftUpdateCheck = 1540;
				LastUpgradeCheck = 1540;
				TargetAttributes = {
					67792BC22BF7DBE200F073C8 = {
						CreatedOnToolsVersion = 15.4;
					};
				};
			};
			buildConfigurationList = 67792BBE2BF7DBE200F073C8 /* Build configuration list for PBXProject "RuneTrivia" */;
			compatibilityVersion = "Xcode 14.0";
			developmentRegion = en;
			hasScannedForEncodings = 0;
			knownRegions = (
				en,
				Base,
			);
			mainGroup = 67792BBA2BF7DBE100F073C8;
			productRefGroup = 67792BC42BF7DBE200F073C8 /* Products */;
			projectDirPath = "";
			projectRoot = "";
			targets = (
				67792BC22BF7DBE200F073C8 /* RuneTrivia */,
			);
		};
/* End PBXProject section */

/* Begin PBXResourcesBuildPhase section */
		67792BC12BF7DBE200F073C8 /* Resources */ = {
			isa = PBXResourcesBuildPhase;
			buildActionMask = 2147483647;
			files = (
				67792BD02BF7DBE300F073C8 /* Assets.xcassets in Resources */,
				67792BD32BF7DBE300F073C8 /* Base in Resources */,
			);
			runOnlyForDeploymentPostprocessing = 0;
		};
/* End PBXResourcesBuildPhase section */

/* Begin PBXSourcesBuildPhase section */
		67792BBF2BF7DBE200F073C8 /* Sources */ = {
			isa = PBXSourcesBuildPhase;
			buildActionMask = 2147483647;
			files = (
				67792BF32BF85EE000F073C8 /* OSRSPricesClient.swift in Sources */,
				67792BF92BF8720100F073C8 /* EntrepRUNEurQuestion.swift in Sources */,
				67792BCB2BF7DBE200F073C8 /* HomeViewController.swift in Sources */,
				67792BFB2BF88DC100F073C8 /* EntrepRUNEurQuestionCardView.swift in Sources */,
				67792BC72BF7DBE200F073C8 /* AppDelegate.swift in Sources */,
				67792BED2BF84A4B00F073C8 /* EntrepRUNEurGameViewController.swift in Sources */,
				67792BF72BF8696B00F073C8 /* PriceMapping.swift in Sources */,
				67792BE92BF8007500F073C8 /* InformationViewController.swift in Sources */,
				67792BE72BF7F6BC00F073C8 /* Game.swift in Sources */,
				67792BF52BF867B100F073C8 /* LatestPrice.swift in Sources */,
				67792BC92BF7DBE200F073C8 /* SceneDelegate.swift in Sources */,
				67792BE12BF7E2B300F073C8 /* HomeCollectionViewController.swift in Sources */,
				67792BF02BF84B4700F073C8 /* ClockView.swift in Sources */,
				67792BE32BF7F43400F073C8 /* GameCollectionViewCell.swift in Sources */,
			);
			runOnlyForDeploymentPostprocessing = 0;
		};
/* End PBXSourcesBuildPhase section */

/* Begin PBXVariantGroup section */
		67792BD12BF7DBE300F073C8 /* LaunchScreen.storyboard */ = {
			isa = PBXVariantGroup;
			children = (
				67792BD22BF7DBE300F073C8 /* Base */,
			);
			name = LaunchScreen.storyboard;
			sourceTree = "<group>";
		};
/* End PBXVariantGroup section */

/* Begin XCBuildConfiguration section */
		67792BD52BF7DBE300F073C8 /* Debug */ = {
			isa = XCBuildConfiguration;
			buildSettings = {
				ALWAYS_SEARCH_USER_PATHS = NO;
				ASSETCATALOG_COMPILER_GENERATE_SWIFT_ASSET_SYMBOL_EXTENSIONS = YES;
				CLANG_ANALYZER_NONNULL = YES;
				CLANG_ANALYZER_NUMBER_OBJECT_CONVERSION = YES_AGGRESSIVE;
				CLANG_CXX_LANGUAGE_STANDARD = "gnu++20";
				CLANG_ENABLE_MODULES = YES;
				CLANG_ENABLE_OBJC_ARC = YES;
				CLANG_ENABLE_OBJC_WEAK = YES;
				CLANG_WARN_BLOCK_CAPTURE_AUTORELEASING = YES;
				CLANG_WARN_BOOL_CONVERSION = YES;
				CLANG_WARN_COMMA = YES;
				CLANG_WARN_CONSTANT_CONVERSION = YES;
				CLANG_WARN_DEPRECATED_OBJC_IMPLEMENTATIONS = YES;
				CLANG_WARN_DIRECT_OBJC_ISA_USAGE = YES_ERROR;
				CLANG_WARN_DOCUMENTATION_COMMENTS = YES;
				CLANG_WARN_EMPTY_BODY = YES;
				CLANG_WARN_ENUM_CONVERSION = YES;
				CLANG_WARN_INFINITE_RECURSION = YES;
				CLANG_WARN_INT_CONVERSION = YES;
				CLANG_WARN_NON_LITERAL_NULL_CONVERSION = YES;
				CLANG_WARN_OBJC_IMPLICIT_RETAIN_SELF = YES;
				CLANG_WARN_OBJC_LITERAL_CONVERSION = YES;
				CLANG_WARN_OBJC_ROOT_CLASS = YES_ERROR;
				CLANG_WARN_QUOTED_INCLUDE_IN_FRAMEWORK_HEADER = YES;
				CLANG_WARN_RANGE_LOOP_ANALYSIS = YES;
				CLANG_WARN_STRICT_PROTOTYPES = YES;
				CLANG_WARN_SUSPICIOUS_MOVE = YES;
				CLANG_WARN_UNGUARDED_AVAILABILITY = YES_AGGRESSIVE;
				CLANG_WARN_UNREACHABLE_CODE = YES;
				CLANG_WARN__DUPLICATE_METHOD_MATCH = YES;
				COPY_PHASE_STRIP = NO;
				DEBUG_INFORMATION_FORMAT = dwarf;
				ENABLE_STRICT_OBJC_MSGSEND = YES;
				ENABLE_TESTABILITY = YES;
				ENABLE_USER_SCRIPT_SANDBOXING = YES;
				GCC_C_LANGUAGE_STANDARD = gnu17;
				GCC_DYNAMIC_NO_PIC = NO;
				GCC_NO_COMMON_BLOCKS = YES;
				GCC_OPTIMIZATION_LEVEL = 0;
				GCC_PREPROCESSOR_DEFINITIONS = (
					"DEBUG=1",
					"$(inherited)",
				);
				GCC_WARN_64_TO_32_BIT_CONVERSION = YES;
				GCC_WARN_ABOUT_RETURN_TYPE = YES_ERROR;
				GCC_WARN_UNDECLARED_SELECTOR = YES;
				GCC_WARN_UNINITIALIZED_AUTOS = YES_AGGRESSIVE;
				GCC_WARN_UNUSED_FUNCTION = YES;
				GCC_WARN_UNUSED_VARIABLE = YES;
				IPHONEOS_DEPLOYMENT_TARGET = 17.5;
				LOCALIZATION_PREFERS_STRING_CATALOGS = YES;
				MTL_ENABLE_DEBUG_INFO = INCLUDE_SOURCE;
				MTL_FAST_MATH = YES;
				ONLY_ACTIVE_ARCH = YES;
				SDKROOT = iphoneos;
				SWIFT_ACTIVE_COMPILATION_CONDITIONS = "DEBUG $(inherited)";
				SWIFT_OPTIMIZATION_LEVEL = "-Onone";
			};
			name = Debug;
		};
		67792BD62BF7DBE300F073C8 /* Release */ = {
			isa = XCBuildConfiguration;
			buildSettings = {
				ALWAYS_SEARCH_USER_PATHS = NO;
				ASSETCATALOG_COMPILER_GENERATE_SWIFT_ASSET_SYMBOL_EXTENSIONS = YES;
				CLANG_ANALYZER_NONNULL = YES;
				CLANG_ANALYZER_NUMBER_OBJECT_CONVERSION = YES_AGGRESSIVE;
				CLANG_CXX_LANGUAGE_STANDARD = "gnu++20";
				CLANG_ENABLE_MODULES = YES;
				CLANG_ENABLE_OBJC_ARC = YES;
				CLANG_ENABLE_OBJC_WEAK = YES;
				CLANG_WARN_BLOCK_CAPTURE_AUTORELEASING = YES;
				CLANG_WARN_BOOL_CONVERSION = YES;
				CLANG_WARN_COMMA = YES;
				CLANG_WARN_CONSTANT_CONVERSION = YES;
				CLANG_WARN_DEPRECATED_OBJC_IMPLEMENTATIONS = YES;
				CLANG_WARN_DIRECT_OBJC_ISA_USAGE = YES_ERROR;
				CLANG_WARN_DOCUMENTATION_COMMENTS = YES;
				CLANG_WARN_EMPTY_BODY = YES;
				CLANG_WARN_ENUM_CONVERSION = YES;
				CLANG_WARN_INFINITE_RECURSION = YES;
				CLANG_WARN_INT_CONVERSION = YES;
				CLANG_WARN_NON_LITERAL_NULL_CONVERSION = YES;
				CLANG_WARN_OBJC_IMPLICIT_RETAIN_SELF = YES;
				CLANG_WARN_OBJC_LITERAL_CONVERSION = YES;
				CLANG_WARN_OBJC_ROOT_CLASS = YES_ERROR;
				CLANG_WARN_QUOTED_INCLUDE_IN_FRAMEWORK_HEADER = YES;
				CLANG_WARN_RANGE_LOOP_ANALYSIS = YES;
				CLANG_WARN_STRICT_PROTOTYPES = YES;
				CLANG_WARN_SUSPICIOUS_MOVE = YES;
				CLANG_WARN_UNGUARDED_AVAILABILITY = YES_AGGRESSIVE;
				CLANG_WARN_UNREACHABLE_CODE = YES;
				CLANG_WARN__DUPLICATE_METHOD_MATCH = YES;
				COPY_PHASE_STRIP = NO;
				DEBUG_INFORMATION_FORMAT = "dwarf-with-dsym";
				ENABLE_NS_ASSERTIONS = NO;
				ENABLE_STRICT_OBJC_MSGSEND = YES;
				ENABLE_USER_SCRIPT_SANDBOXING = YES;
				GCC_C_LANGUAGE_STANDARD = gnu17;
				GCC_NO_COMMON_BLOCKS = YES;
				GCC_WARN_64_TO_32_BIT_CONVERSION = YES;
				GCC_WARN_ABOUT_RETURN_TYPE = YES_ERROR;
				GCC_WARN_UNDECLARED_SELECTOR = YES;
				GCC_WARN_UNINITIALIZED_AUTOS = YES_AGGRESSIVE;
				GCC_WARN_UNUSED_FUNCTION = YES;
				GCC_WARN_UNUSED_VARIABLE = YES;
				IPHONEOS_DEPLOYMENT_TARGET = 17.5;
				LOCALIZATION_PREFERS_STRING_CATALOGS = YES;
				MTL_ENABLE_DEBUG_INFO = NO;
				MTL_FAST_MATH = YES;
				SDKROOT = iphoneos;
				SWIFT_COMPILATION_MODE = wholemodule;
				VALIDATE_PRODUCT = YES;
			};
			name = Release;
		};
		67792BD82BF7DBE300F073C8 /* Debug */ = {
			isa = XCBuildConfiguration;
			buildSettings = {
				ASSETCATALOG_COMPILER_APPICON_NAME = AppIcon;
				ASSETCATALOG_COMPILER_GLOBAL_ACCENT_COLOR_NAME = AccentColor;
				CODE_SIGN_STYLE = Automatic;
				CURRENT_PROJECT_VERSION = 1;
				DEVELOPMENT_TEAM = 7Y78ZPVMJT;
				GENERATE_INFOPLIST_FILE = YES;
				INFOPLIST_FILE = RuneTrivia/Info.plist;
				INFOPLIST_KEY_UIApplicationSupportsIndirectInputEvents = YES;
				INFOPLIST_KEY_UILaunchStoryboardName = LaunchScreen;
				INFOPLIST_KEY_UISupportedInterfaceOrientations_iPad = "UIInterfaceOrientationPortrait UIInterfaceOrientationPortraitUpsideDown UIInterfaceOrientationLandscapeLeft UIInterfaceOrientationLandscapeRight";
				INFOPLIST_KEY_UISupportedInterfaceOrientations_iPhone = "UIInterfaceOrientationPortrait UIInterfaceOrientationLandscapeLeft UIInterfaceOrientationLandscapeRight";
				LD_RUNPATH_SEARCH_PATHS = (
					"$(inherited)",
					"@executable_path/Frameworks",
				);
				MARKETING_VERSION = 1.0;
				PRODUCT_BUNDLE_IDENTIFIER = "com.example-apple-samplecode.RuneTrivia";
				PRODUCT_NAME = "$(TARGET_NAME)";
				SWIFT_EMIT_LOC_STRINGS = YES;
				SWIFT_VERSION = 5.0;
				TARGETED_DEVICE_FAMILY = "1,2";
			};
			name = Debug;
		};
		67792BD92BF7DBE300F073C8 /* Release */ = {
			isa = XCBuildConfiguration;
			buildSettings = {
				ASSETCATALOG_COMPILER_APPICON_NAME = AppIcon;
				ASSETCATALOG_COMPILER_GLOBAL_ACCENT_COLOR_NAME = AccentColor;
				CODE_SIGN_STYLE = Automatic;
				CURRENT_PROJECT_VERSION = 1;
				DEVELOPMENT_TEAM = 7Y78ZPVMJT;
				GENERATE_INFOPLIST_FILE = YES;
				INFOPLIST_FILE = RuneTrivia/Info.plist;
				INFOPLIST_KEY_UIApplicationSupportsIndirectInputEvents = YES;
				INFOPLIST_KEY_UILaunchStoryboardName = LaunchScreen;
				INFOPLIST_KEY_UISupportedInterfaceOrientations_iPad = "UIInterfaceOrientationPortrait UIInterfaceOrientationPortraitUpsideDown UIInterfaceOrientationLandscapeLeft UIInterfaceOrientationLandscapeRight";
				INFOPLIST_KEY_UISupportedInterfaceOrientations_iPhone = "UIInterfaceOrientationPortrait UIInterfaceOrientationLandscapeLeft UIInterfaceOrientationLandscapeRight";
				LD_RUNPATH_SEARCH_PATHS = (
					"$(inherited)",
					"@executable_path/Frameworks",
				);
				MARKETING_VERSION = 1.0;
				PRODUCT_BUNDLE_IDENTIFIER = "com.example-apple-samplecode.RuneTrivia";
				PRODUCT_NAME = "$(TARGET_NAME)";
				SWIFT_EMIT_LOC_STRINGS = YES;
				SWIFT_VERSION = 5.0;
				TARGETED_DEVICE_FAMILY = "1,2";
			};
			name = Release;
		};
/* End XCBuildConfiguration section */

/* Begin XCConfigurationList section */
		67792BBE2BF7DBE200F073C8 /* Build configuration list for PBXProject "RuneTrivia" */ = {
			isa = XCConfigurationList;
			buildConfigurations = (
				67792BD52BF7DBE300F073C8 /* Debug */,
				67792BD62BF7DBE300F073C8 /* Release */,
			);
			defaultConfigurationIsVisible = 0;
			defaultConfigurationName = Release;
		};
		67792BD72BF7DBE300F073C8 /* Build configuration list for PBXNativeTarget "RuneTrivia" */ = {
			isa = XCConfigurationList;
			buildConfigurations = (
				67792BD82BF7DBE300F073C8 /* Debug */,
				67792BD92BF7DBE300F073C8 /* Release */,
			);
			defaultConfigurationIsVisible = 0;
			defaultConfigurationName = Release;
		};
/* End XCConfigurationList section */
	};
	rootObject = 67792BBB2BF7DBE200F073C8 /* Project object */;
}
